
Microsoft Visual Studio Solution File, Format Version 12.00
# Visual Studio 15
VisualStudioVersion = 15.0.27703.2018
MinimumVisualStudioVersion = 10.0.40219.1
Project("{FAE04EC0-301F-11D3-BF4B-00C04F79EFBC}") = "iOSSecondaryToolbarMenubar.iOS", "iOSSecondaryToolbarMenubar\iOSSecondaryToolbarMenubar.iOS\iOSSecondaryToolbarMenubar.iOS.csproj", "{46977A20-26A1-4250-8110-5ECD8D2A5A78}"
EndProject
Project("{FAE04EC0-301F-11D3-BF4B-00C04F79EFBC}") = "iOSSecondaryToolbarMenubar", "iOSSecondaryToolbarMenubar\iOSSecondaryToolbarMenubar\iOSSecondaryToolbarMenubar.csproj", "{C3776F57-0D89-44C6-BAE3-81507A9A00BA}"
EndProject
Global
	GlobalSection(SolutionConfigurationPlatforms) = preSolution
		Ad-Hoc|Any CPU = Ad-Hoc|Any CPU
		Ad-Hoc|iPhone = Ad-Hoc|iPhone
		Ad-Hoc|iPhoneSimulator = Ad-Hoc|iPhoneSimulator
		AppStore|Any CPU = AppStore|Any CPU
		AppStore|iPhone = AppStore|iPhone
		AppStore|iPhoneSimulator = AppStore|iPhoneSimulator
		Debug|Any CPU = Debug|Any CPU
		Debug|iPhone = Debug|iPhone
		Debug|iPhoneSimulator = Debug|iPhoneSimulator
		Release|Any CPU = Release|Any CPU
		Release|iPhone = Release|iPhone
		Release|iPhoneSimulator = Release|iPhoneSimulator
	EndGlobalSection
	GlobalSection(ProjectConfigurationPlatforms) = postSolution
		{46977A20-26A1-4250-8110-5ECD8D2A5A78}.Ad-Hoc|Any CPU.ActiveCfg = Ad-Hoc|iPhone
		{46977A20-26A1-4250-8110-5ECD8D2A5A78}.Ad-Hoc|Any CPU.Build.0 = Ad-Hoc|iPhone
		{46977A20-26A1-4250-8110-5ECD8D2A5A78}.Ad-Hoc|Any CPU.Deploy.0 = Ad-Hoc|iPhone
		{46977A20-26A1-4250-8110-5ECD8D2A5A78}.Ad-Hoc|iPhone.ActiveCfg = Ad-Hoc|iPhone
		{46977A20-26A1-4250-8110-5ECD8D2A5A78}.Ad-Hoc|iPhone.Build.0 = Ad-Hoc|iPhone
		{46977A20-26A1-4250-8110-5ECD8D2A5A78}.Ad-Hoc|iPhone.Deploy.0 = Ad-Hoc|iPhone
		{46977A20-26A1-4250-8110-5ECD8D2A5A78}.Ad-Hoc|iPhoneSimulator.ActiveCfg = Ad-Hoc|iPhoneSimulator
		{46977A20-26A1-4250-8110-5ECD8D2A5A78}.Ad-Hoc|iPhoneSimulator.Build.0 = Ad-Hoc|iPhoneSimulator
		{46977A20-26A1-4250-8110-5ECD8D2A5A78}.Ad-Hoc|iPhoneSimulator.Deploy.0 = Ad-Hoc|iPhoneSimulator
		{46977A20-26A1-4250-8110-5ECD8D2A5A78}.AppStore|Any CPU.ActiveCfg = AppStore|iPhone
		{46977A20-26A1-4250-8110-5ECD8D2A5A78}.AppStore|Any CPU.Build.0 = AppStore|iPhone
		{46977A20-26A1-4250-8110-5ECD8D2A5A78}.AppStore|Any CPU.Deploy.0 = AppStore|iPhone
		{46977A20-26A1-4250-8110-5ECD8D2A5A78}.AppStore|iPhone.ActiveCfg = AppStore|iPhone
		{46977A20-26A1-4250-8110-5ECD8D2A5A78}.AppStore|iPhone.Build.0 = AppStore|iPhone
		{46977A20-26A1-4250-8110-5ECD8D2A5A78}.AppStore|iPhone.Deploy.0 = AppStore|iPhone
		{46977A20-26A1-4250-8110-5ECD8D2A5A78}.AppStore|iPhoneSimulator.ActiveCfg = AppStore|iPhoneSimulator
		{46977A20-26A1-4250-8110-5ECD8D2A5A78}.AppStore|iPhoneSimulator.Build.0 = AppStore|iPhoneSimulator
		{46977A20-26A1-4250-8110-5ECD8D2A5A78}.AppStore|iPhoneSimulator.Deploy.0 = AppStore|iPhoneSimulator
		{46977A20-26A1-4250-8110-5ECD8D2A5A78}.Debug|Any CPU.ActiveCfg = Debug|iPhoneSimulator
		{46977A20-26A1-4250-8110-5ECD8D2A5A78}.Debug|Any CPU.Build.0 = Debug|iPhoneSimulator
		{46977A20-26A1-4250-8110-5ECD8D2A5A78}.Debug|Any CPU.Deploy.0 = Debug|iPhoneSimulator
		{46977A20-26A1-4250-8110-5ECD8D2A5A78}.Debug|iPhone.ActiveCfg = Debug|iPhone
		{46977A20-26A1-4250-8110-5ECD8D2A5A78}.Debug|iPhone.Build.0 = Debug|iPhone
		{46977A20-26A1-4250-8110-5ECD8D2A5A78}.Debug|iPhone.Deploy.0 = Debug|iPhone
		{46977A20-26A1-4250-8110-5ECD8D2A5A78}.Debug|iPhoneSimulator.ActiveCfg = Debug|iPhoneSimulator
		{46977A20-26A1-4250-8110-5ECD8D2A5A78}.Debug|iPhoneSimulator.Build.0 = Debug|iPhoneSimulator
		{46977A20-26A1-4250-8110-5ECD8D2A5A78}.Debug|iPhoneSimulator.Deploy.0 = Debug|iPhoneSimulator
		{46977A20-26A1-4250-8110-5ECD8D2A5A78}.Release|Any CPU.ActiveCfg = Release|iPhone
		{46977A20-26A1-4250-8110-5ECD8D2A5A78}.Release|Any CPU.Build.0 = Release|iPhone
		{46977A20-26A1-4250-8110-5ECD8D2A5A78}.Release|Any CPU.Deploy.0 = Release|iPhone
		{46977A20-26A1-4250-8110-5ECD8D2A5A78}.Release|iPhone.ActiveCfg = Release|iPhone
		{46977A20-26A1-4250-8110-5ECD8D2A5A78}.Release|iPhone.Build.0 = Release|iPhone
		{46977A20-26A1-4250-8110-5ECD8D2A5A78}.Release|iPhone.Deploy.0 = Release|iPhone
		{46977A20-26A1-4250-8110-5ECD8D2A5A78}.Release|iPhoneSimulator.ActiveCfg = Release|iPhoneSimulator
		{46977A20-26A1-4250-8110-5ECD8D2A5A78}.Release|iPhoneSimulator.Build.0 = Release|iPhoneSimulator
		{46977A20-26A1-4250-8110-5ECD8D2A5A78}.Release|iPhoneSimulator.Deploy.0 = Release|iPhoneSimulator
		{C3776F57-0D89-44C6-BAE3-81507A9A00BA}.Ad-Hoc|Any CPU.ActiveCfg = Debug|Any CPU
		{C3776F57-0D89-44C6-BAE3-81507A9A00BA}.Ad-Hoc|Any CPU.Build.0 = Debug|Any CPU
		{C3776F57-0D89-44C6-BAE3-81507A9A00BA}.Ad-Hoc|Any CPU.Deploy.0 = Debug|Any CPU
		{C3776F57-0D89-44C6-BAE3-81507A9A00BA}.Ad-Hoc|iPhone.ActiveCfg = Debug|Any CPU
		{C3776F57-0D89-44C6-BAE3-81507A9A00BA}.Ad-Hoc|iPhone.Build.0 = Debug|Any CPU
		{C3776F57-0D89-44C6-BAE3-81507A9A00BA}.Ad-Hoc|iPhone.Deploy.0 = Debug|Any CPU
		{C3776F57-0D89-44C6-BAE3-81507A9A00BA}.Ad-Hoc|iPhoneSimulator.ActiveCfg = Debug|Any CPU
		{C3776F57-0D89-44C6-BAE3-81507A9A00BA}.Ad-Hoc|iPhoneSimulator.Build.0 = Debug|Any CPU
		{C3776F57-0D89-44C6-BAE3-81507A9A00BA}.Ad-Hoc|iPhoneSimulator.Deploy.0 = Debug|Any CPU
		{C3776F57-0D89-44C6-BAE3-81507A9A00BA}.AppStore|Any CPU.ActiveCfg = Debug|Any CPU
		{C3776F57-0D89-44C6-BAE3-81507A9A00BA}.AppStore|Any CPU.Build.0 = Debug|Any CPU
		{C3776F57-0D89-44C6-BAE3-81507A9A00BA}.AppStore|Any CPU.Deploy.0 = Debug|Any CPU
		{C3776F57-0D89-44C6-BAE3-81507A9A00BA}.AppStore|iPhone.ActiveCfg = Debug|Any CPU
		{C3776F57-0D89-44C6-BAE3-81507A9A00BA}.AppStore|iPhone.Build.0 = Debug|Any CPU
		{C3776F57-0D89-44C6-BAE3-81507A9A00BA}.AppStore|iPhone.Deploy.0 = Debug|Any CPU
		{C3776F57-0D89-44C6-BAE3-81507A9A00BA}.AppStore|iPhoneSimulator.ActiveCfg = Debug|Any CPU
		{C3776F57-0D89-44C6-BAE3-81507A9A00BA}.AppStore|iPhoneSimulator.Build.0 = Debug|Any CPU
		{C3776F57-0D89-44C6-BAE3-81507A9A00BA}.AppStore|iPhoneSimulator.Deploy.0 = Debug|Any CPU
		{C3776F57-0D89-44C6-BAE3-81507A9A00BA}.Debug|Any CPU.ActiveCfg = Debug|Any CPU
		{C3776F57-0D89-44C6-BAE3-81507A9A00BA}.Debug|Any CPU.Build.0 = Debug|Any CPU
		{C3776F57-0D89-44C6-BAE3-81507A9A00BA}.Debug|Any CPU.Deploy.0 = Debug|Any CPU
		{C3776F57-0D89-44C6-BAE3-81507A9A00BA}.Debug|iPhone.ActiveCfg = Debug|Any CPU
		{C3776F57-0D89-44C6-BAE3-81507A9A00BA}.Debug|iPhone.Build.0 = Debug|Any CPU
		{C3776F57-0D89-44C6-BAE3-81507A9A00BA}.Debug|iPhone.Deploy.0 = Debug|Any CPU
		{C3776F57-0D89-44C6-BAE3-81507A9A00BA}.Debug|iPhoneSimulator.ActiveCfg = Debug|Any CPU
		{C3776F57-0D89-44C6-BAE3-81507A9A00BA}.Debug|iPhoneSimulator.Build.0 = Debug|Any CPU
		{C3776F57-0D89-44C6-BAE3-81507A9A00BA}.Debug|iPhoneSimulator.Deploy.0 = Debug|Any CPU
		{C3776F57-0D89-44C6-BAE3-81507A9A00BA}.Release|Any CPU.ActiveCfg = Release|Any CPU
		{C3776F57-0D89-44C6-BAE3-81507A9A00BA}.Release|Any CPU.Build.0 = Release|Any CPU
		{C3776F57-0D89-44C6-BAE3-81507A9A00BA}.Release|Any CPU.Deploy.0 = Release|Any CPU
		{C3776F57-0D89-44C6-BAE3-81507A9A00BA}.Release|iPhone.ActiveCfg = Release|Any CPU
		{C3776F57-0D89-44C6-BAE3-81507A9A00BA}.Release|iPhone.Build.0 = Release|Any CPU
		{C3776F57-0D89-44C6-BAE3-81507A9A00BA}.Release|iPhone.Deploy.0 = Release|Any CPU
		{C3776F57-0D89-44C6-BAE3-81507A9A00BA}.Release|iPhoneSimulator.ActiveCfg = Release|Any CPU
		{C3776F57-0D89-44C6-BAE3-81507A9A00BA}.Release|iPhoneSimulator.Build.0 = Release|Any CPU
		{C3776F57-0D89-44C6-BAE3-81507A9A00BA}.Release|iPhoneSimulator.Deploy.0 = Release|Any CPU
	EndGlobalSection
	GlobalSection(SolutionProperties) = preSolution
		HideSolutionNode = FALSE
	EndGlobalSection
	GlobalSection(ExtensibilityGlobals) = postSolution
		SolutionGuid = {B79DC664-9D3F-4796-9E58-BC60CDE7C35F}
	EndGlobalSection
EndGlobal
